
Microsoft Visual Studio Solution File, Format Version 12.00
# Visual Studio Version 16
VisualStudioVersion = 16.0.31624.102
MinimumVisualStudioVersion = 10.0.40219.1
Project("{FAE04EC0-301F-11D3-BF4B-00C04F79EFBC}") = "gitThird", "gitThird\gitThird.csproj", "{2B00BE41-35AE-455A-A72C-AA4E22BA063B}"
EndProject
Global
	GlobalSection(SolutionConfigurationPlatforms) = preSolution
		Debug|Any CPU = Debug|Any CPU
		Release|Any CPU = Release|Any CPU
	EndGlobalSection
	GlobalSection(ProjectConfigurationPlatforms) = postSolution
		{2B00BE41-35AE-455A-A72C-AA4E22BA063B}.Debug|Any CPU.ActiveCfg = Debug|Any CPU
		{2B00BE41-35AE-455A-A72C-AA4E22BA063B}.Debug|Any CPU.Build.0 = Debug|Any CPU
		{2B00BE41-35AE-455A-A72C-AA4E22BA063B}.Release|Any CPU.ActiveCfg = Release|Any CPU
		{2B00BE41-35AE-455A-A72C-AA4E22BA063B}.Release|Any CPU.Build.0 = Release|Any CPU
	EndGlobalSection
	GlobalSection(SolutionProperties) = preSolution
		HideSolutionNode = FALSE
	EndGlobalSection
	GlobalSection(ExtensibilityGlobals) = postSolution
		SolutionGuid = {2B938C31-3838-4E12-B4D1-60C3F4B2CCFF}
	EndGlobalSection
EndGlobal
